
Microsoft Visual Studio Solution File, Format Version 12.00
# Visual Studio 15
VisualStudioVersion = 15.0.28307.1145
MinimumVisualStudioVersion = 10.0.40219.1
Project("{8BC9CEB8-8B4A-11D0-8D11-00A0C91BC942}") = "thi_trac_nghiem", "thi_trac_nghiem.vcxproj", "{B9095A2A-7A58-456C-B778-727518BC6FFB}"
EndProject
Global
	GlobalSection(SolutionConfigurationPlatforms) = preSolution
		Debug|x64 = Debug|x64
		Debug|x86 = Debug|x86
		Release|x64 = Release|x64
		Release|x86 = Release|x86
	EndGlobalSection
	GlobalSection(ProjectConfigurationPlatforms) = postSolution
		{B9095A2A-7A58-456C-B778-727518BC6FFB}.Debug|x64.ActiveCfg = Debug|x64
		{B9095A2A-7A58-456C-B778-727518BC6FFB}.Debug|x64.Build.0 = Debug|x64
		{B9095A2A-7A58-456C-B778-727518BC6FFB}.Debug|x86.ActiveCfg = Debug|Win32
		{B9095A2A-7A58-456C-B778-727518BC6FFB}.Debug|x86.Build.0 = Debug|Win32
		{B9095A2A-7A58-456C-B778-727518BC6FFB}.Release|x64.ActiveCfg = Release|x64
		{B9095A2A-7A58-456C-B778-727518BC6FFB}.Release|x64.Build.0 = Release|x64
		{B9095A2A-7A58-456C-B778-727518BC6FFB}.Release|x86.ActiveCfg = Release|Win32
		{B9095A2A-7A58-456C-B778-727518BC6FFB}.Release|x86.Build.0 = Release|Win32
	EndGlobalSection
	GlobalSection(SolutionProperties) = preSolution
		HideSolutionNode = FALSE
	EndGlobalSection
	GlobalSection(ExtensibilityGlobals) = postSolution
		SolutionGuid = {34E9DE88-8168-4DAE-833E-6E8FBA9AA36E}
	EndGlobalSection
EndGlobal
